
Microsoft Visual Studio Solution File, Format Version 12.00
# Visual Studio Version 17
VisualStudioVersion = 17.5.002.0
MinimumVisualStudioVersion = 10.0.40219.1
Project("{9A19103F-16F7-4668-BE54-9A1E7A4F7556}") = "LandingPage", "LandingPage.csproj", "{7069AB3E-7657-4E16-8FE6-785F25C039DD}"
EndProject
Global
	GlobalSection(SolutionConfigurationPlatforms) = preSolution
		Debug|Any CPU = Debug|Any CPU
		Release|Any CPU = Release|Any CPU
	EndGlobalSection
	GlobalSection(ProjectConfigurationPlatforms) = postSolution
		{7069AB3E-7657-4E16-8FE6-785F25C039DD}.Debug|Any CPU.ActiveCfg = Debug|Any CPU
		{7069AB3E-7657-4E16-8FE6-785F25C039DD}.Debug|Any CPU.Build.0 = Debug|Any CPU
		{7069AB3E-7657-4E16-8FE6-785F25C039DD}.Release|Any CPU.ActiveCfg = Release|Any CPU
		{7069AB3E-7657-4E16-8FE6-785F25C039DD}.Release|Any CPU.Build.0 = Release|Any CPU
	EndGlobalSection
	GlobalSection(SolutionProperties) = preSolution
		HideSolutionNode = FALSE
	EndGlobalSection
	GlobalSection(ExtensibilityGlobals) = postSolution
		SolutionGuid = {95A01603-4C8B-4724-863D-5CF677ED57EE}
	EndGlobalSection
EndGlobal
